# This file was autogenerated by Stack.
# You should not edit this file by hand.
# For more information, please see the documentation at:
#   https://docs.haskellstack.org/en/stable/lock_files

packages:
- completed:
    hackage: template-0.2.0.10@sha256:f822de4d34c45bc84b33a61bc112c15fedee6fa6dc414c62b10456395a868f85,987
    pantry-tree:
      size: 339
      sha256: e9829c39501915bc47fda35069207b7a839f9fb929b81946e151e0dda8a7fda1
  original:
    hackage: template-0.2.0.10
- completed:
    hackage: normaldistribution-1.1.0.3@sha256:2615b784c4112cbf6ffa0e2b55b76790290a9b9dff18a05d8c89aa374b213477,2160
    pantry-tree:
      size: 269
      sha256: 856818862d12df8b030fa9cfef2c4ffa604d06f0eb057498db245dfffcd60e3c
  original:
    hackage: normaldistribution-1.1.0.3
- completed:
    hackage: network-2.6.3.6@sha256:1ca79d81af02d7acd6032d5e6c9bde4618a8fdcfbe19bd42b49d420183975df0,2666
    pantry-tree:
      size: 2254
      sha256: 56285baa11d679521837e1f41311a1aeafa522e7637d408d3decd99c083edba1
  original:
    hackage: network-2.6.3.6
snapshots:
- completed:
    size: 590100
    url: https://raw.githubusercontent.com/commercialhaskell/stackage-snapshots/master/lts/18/28.yaml
    sha256: 428ec8d5ce932190d3cbe266b9eb3c175cd81e984babf876b64019e2cbe4ea68
  original:
    url: https://raw.githubusercontent.com/commercialhaskell/stackage-snapshots/master/lts/18/28.yaml
