# This file was autogenerated by Stack.
# You should not edit this file by hand.
# For more information, please see the documentation at:
#   https://docs.haskellstack.org/en/stable/lock_files

packages:
- completed:
    hackage: distributed-process-0.7.4@sha256:9e43cb9a27e976e3e4c054e783bdfbd6140760e70997448da66993f4674a6409,7577
    pantry-tree:
      size: 3102
      sha256: a558e988e6deba25d0667d8f6fd2705c0f7f36292b1afaa5442bd34a9cdf817c
  original:
    hackage: distributed-process-0.7.4@sha256:9e43cb9a27e976e3e4c054e783bdfbd6140760e70997448da66993f4674a6409,7577
- completed:
    hackage: distributed-static-0.3.9@sha256:0eb308ee416db4541cb5b4d2dff387e7c9394e6deaf76b7e829ce46add4448bc,2237
    pantry-tree:
      size: 286
      sha256: 4f42a4fe0ce97fb4a1ae2c947b6077ee718a5f11545a72387c13a0edc405d28e
  original:
    hackage: distributed-static-0.3.9@sha256:0eb308ee416db4541cb5b4d2dff387e7c9394e6deaf76b7e829ce46add4448bc,2237
- completed:
    hackage: containers-0.5.11.0@sha256:1af9da3baaddc4f4aaea016b07d4c38ddbf702ce3f0df31120531950837996b8,17308
    pantry-tree:
      size: 4849
      sha256: febf797e5b9c013e0390cffbec266b46c68de56cd3745df6ee45d4bcff1e7cb2
  original:
    hackage: containers-0.5.11.0@sha256:1af9da3baaddc4f4aaea016b07d4c38ddbf702ce3f0df31120531950837996b8,17308
- completed:
    hackage: stm-2.4.5.1@sha256:58277444d1abca90ea947cd04a4a5d219eb5013cdba4178d168659b56294c3d8,2076
    pantry-tree:
      size: 898
      sha256: 6eb4e823293fc1f53459135269fb38d9926234ef589526e5ab57f9380aa4d29f
  original:
    hackage: stm-2.4.5.1@sha256:58277444d1abca90ea947cd04a4a5d219eb5013cdba4178d168659b56294c3d8,2076
snapshots:
- completed:
    size: 524996
    url: https://raw.githubusercontent.com/commercialhaskell/stackage-snapshots/master/lts/14/27.yaml
    sha256: 7ea31a280c56bf36ff591a7397cc384d0dff622e7f9e4225b47d8980f019a0f0
  original: lts-14.27
